// !$*UTF8*$!
{
	archiveVersion = 1;
	classes = {
	};
	objectVersion = 50;
	objects = {

/* Begin PBXBuildFile section */
		BA04872922B5004C002CCE91 /* AppDelegate.swift in Sources */ = {isa = PBXBuildFile; fileRef = BA04872822B5004C002CCE91 /* AppDelegate.swift */; };
		BA04872B22B5004C002CCE91 /* SceneDelegate.swift in Sources */ = {isa = PBXBuildFile; fileRef = BA04872A22B5004C002CCE91 /* SceneDelegate.swift */; };
		BA04872D22B5004C002CCE91 /* LandmarkDetail.swift in Sources */ = {isa = PBXBuildFile; fileRef = BA04872C22B5004C002CCE91 /* LandmarkDetail.swift */; };
		BA04872F22B5004D002CCE91 /* Assets.xcassets in Resources */ = {isa = PBXBuildFile; fileRef = BA04872E22B5004D002CCE91 /* Assets.xcassets */; };
		BA04873222B5004D002CCE91 /* Preview Assets.xcassets in Resources */ = {isa = PBXBuildFile; fileRef = BA04873122B5004D002CCE91 /* Preview Assets.xcassets */; };
		BA04873522B5004D002CCE91 /* LaunchScreen.storyboard in Resources */ = {isa = PBXBuildFile; fileRef = BA04873322B5004D002CCE91 /* LaunchScreen.storyboard */; };
		BA04873D22B5035B002CCE91 /* CircleImage.swift in Sources */ = {isa = PBXBuildFile; fileRef = BA04873C22B5035B002CCE91 /* CircleImage.swift */; };
		BA04873F22B5055F002CCE91 /* MapView.swift in Sources */ = {isa = PBXBuildFile; fileRef = BA04873E22B5055F002CCE91 /* MapView.swift */; };
		BA04874122B51434002CCE91 /* Landmark.swift in Sources */ = {isa = PBXBuildFile; fileRef = BA04874022B51434002CCE91 /* Landmark.swift */; };
		BA04874522B51532002CCE91 /* Data.swift in Sources */ = {isa = PBXBuildFile; fileRef = BA04874422B51532002CCE91 /* Data.swift */; };
		BA04874722B51552002CCE91 /* LandmarkRow.swift in Sources */ = {isa = PBXBuildFile; fileRef = BA04874622B51552002CCE91 /* LandmarkRow.swift */; };
		BA04875422B51580002CCE91 /* silversalmoncreek.jpg in Resources */ = {isa = PBXBuildFile; fileRef = BA04874822B5157F002CCE91 /* silversalmoncreek.jpg */; };
		BA04875522B51580002CCE91 /* stmarylake.jpg in Resources */ = {isa = PBXBuildFile; fileRef = BA04874922B5157F002CCE91 /* stmarylake.jpg */; };
		BA04875622B51580002CCE91 /* lakemcdonald.jpg in Resources */ = {isa = PBXBuildFile; fileRef = BA04874A22B5157F002CCE91 /* lakemcdonald.jpg */; };
		BA04875722B51580002CCE91 /* twinlake.jpg in Resources */ = {isa = PBXBuildFile; fileRef = BA04874B22B5157F002CCE91 /* twinlake.jpg */; };
		BA04875822B51580002CCE91 /* chilkoottrail.jpg in Resources */ = {isa = PBXBuildFile; fileRef = BA04874C22B5157F002CCE91 /* chilkoottrail.jpg */; };
		BA04875922B51580002CCE91 /* umbagog.jpg in Resources */ = {isa = PBXBuildFile; fileRef = BA04874D22B5157F002CCE91 /* umbagog.jpg */; };
		BA04875A22B51580002CCE91 /* rainbowlake.jpg in Resources */ = {isa = PBXBuildFile; fileRef = BA04874E22B51580002CCE91 /* rainbowlake.jpg */; };
		BA04875B22B51580002CCE91 /* yukon_charleyrivers.jpg in Resources */ = {isa = PBXBuildFile; fileRef = BA04874F22B51580002CCE91 /* yukon_charleyrivers.jpg */; };
		BA04875C22B51580002CCE91 /* chincoteague.jpg in Resources */ = {isa = PBXBuildFile; fileRef = BA04875022B51580002CCE91 /* chincoteague.jpg */; };
		BA04875D22B51580002CCE91 /* hiddenlake.jpg in Resources */ = {isa = PBXBuildFile; fileRef = BA04875122B51580002CCE91 /* hiddenlake.jpg */; };
		BA04875E22B51580002CCE91 /* turtlerock.jpg in Resources */ = {isa = PBXBuildFile; fileRef = BA04875222B51580002CCE91 /* turtlerock.jpg */; };
		BA04875F22B51580002CCE91 /* icybay.jpg in Resources */ = {isa = PBXBuildFile; fileRef = BA04875322B51580002CCE91 /* icybay.jpg */; };
		BA04876222B51707002CCE91 /* LandmarkList.swift in Sources */ = {isa = PBXBuildFile; fileRef = BA04876122B51707002CCE91 /* LandmarkList.swift */; };
		BA04876522B52AEE002CCE91 /* UserData.swift in Sources */ = {isa = PBXBuildFile; fileRef = BA04876422B52AEE002CCE91 /* UserData.swift */; };
		BA12CACB22B7C28500452AC5 /* Home.swift in Sources */ = {isa = PBXBuildFile; fileRef = BA12CACA22B7C28500452AC5 /* Home.swift */; };
		BA12CACD22B7C7C000452AC5 /* CategoryRow.swift in Sources */ = {isa = PBXBuildFile; fileRef = BA12CACC22B7C7C000452AC5 /* CategoryRow.swift */; };
		BA12CACF22B7DF4800452AC5 /* landmarkData.json in Resources */ = {isa = PBXBuildFile; fileRef = BA12CACE22B7DF4800452AC5 /* landmarkData.json */; };
		BA12CAD122B7EBFE00452AC5 /* ProfileHost.swift in Sources */ = {isa = PBXBuildFile; fileRef = BA12CAD022B7EBFD00452AC5 /* ProfileHost.swift */; };
		BA12CAD422B7ED4000452AC5 /* ProfileSummary.swift in Sources */ = {isa = PBXBuildFile; fileRef = BA12CAD322B7ED4000452AC5 /* ProfileSummary.swift */; };
		BA12CAD622B7EDF900452AC5 /* Profile.swift in Sources */ = {isa = PBXBuildFile; fileRef = BA12CAD522B7EDF900452AC5 /* Profile.swift */; };
		BA12CAD922B7EF1400452AC5 /* HikeBadge.swift in Sources */ = {isa = PBXBuildFile; fileRef = BA12CAD822B7EF1400452AC5 /* HikeBadge.swift */; };
		BA12CADE22B7F09D00452AC5 /* HikeView.swift in Sources */ = {isa = PBXBuildFile; fileRef = BA12CADB22B7F09D00452AC5 /* HikeView.swift */; };
		BA12CAE022B7F09D00452AC5 /* HikeDetail.swift in Sources */ = {isa = PBXBuildFile; fileRef = BA12CADD22B7F09D00452AC5 /* HikeDetail.swift */; };
		BA12CAE622B7F1B000452AC5 /* Hike.swift in Sources */ = {isa = PBXBuildFile; fileRef = BA12CAE522B7F1B000452AC5 /* Hike.swift */; };
		BA12CAE822B7F1F000452AC5 /* HikeGraph.swift in Sources */ = {isa = PBXBuildFile; fileRef = BA12CAE722B7F1F000452AC5 /* HikeGraph.swift */; };
		BA12CAEA22B7F25900452AC5 /* GraphCapsule.swift in Sources */ = {isa = PBXBuildFile; fileRef = BA12CAE922B7F25900452AC5 /* GraphCapsule.swift */; };
		BA12CAEC22B7F5FC00452AC5 /* hikeData.json in Resources */ = {isa = PBXBuildFile; fileRef = BA12CAEB22B7F5FC00452AC5 /* hikeData.json */; };
		BA12CAEE22B7F76700452AC5 /* ProfileEditor.swift in Sources */ = {isa = PBXBuildFile; fileRef = BA12CAED22B7F76700452AC5 /* ProfileEditor.swift */; };
		BA5358DB22B5E7CB008D4045 /* BadgeBackground.swift in Sources */ = {isa = PBXBuildFile; fileRef = BA5358DA22B5E7CB008D4045 /* BadgeBackground.swift */; };
		BA5358DD22B5E844008D4045 /* BadgeSymbol.swift in Sources */ = {isa = PBXBuildFile; fileRef = BA5358DC22B5E844008D4045 /* BadgeSymbol.swift */; };
		BA5358DF22B5EA88008D4045 /* RotatedBadgeSymbol.swift in Sources */ = {isa = PBXBuildFile; fileRef = BA5358DE22B5EA88008D4045 /* RotatedBadgeSymbol.swift */; };
		BA9AC67D22B5DD9400475E14 /* Badge.swift in Sources */ = {isa = PBXBuildFile; fileRef = BA9AC67C22B5DD9400475E14 /* Badge.swift */; };
		BA9AC67F22B5E03500475E14 /* HexagonParameters.swift in Sources */ = {isa = PBXBuildFile; fileRef = BA9AC67E22B5E03500475E14 /* HexagonParameters.swift */; };
/* End PBXBuildFile section */

/* Begin PBXFileReference section */
		BA04872522B5004C002CCE91 /* Landmarks.app */ = {isa = PBXFileReference; explicitFileType = wrapper.application; includeInIndex = 0; path = Landmarks.app; sourceTree = BUILT_PRODUCTS_DIR; };
		BA04872822B5004C002CCE91 /* AppDelegate.swift */ = {isa = PBXFileReference; lastKnownFileType = sourcecode.swift; path = AppDelegate.swift; sourceTree = "<group>"; };
		BA04872A22B5004C002CCE91 /* SceneDelegate.swift */ = {isa = PBXFileReference; lastKnownFileType = sourcecode.swift; path = SceneDelegate.swift; sourceTree = "<group>"; };
		BA04872C22B5004C002CCE91 /* LandmarkDetail.swift */ = {isa = PBXFileReference; lastKnownFileType = sourcecode.swift; path = LandmarkDetail.swift; sourceTree = "<group>"; };
		BA04872E22B5004D002CCE91 /* Assets.xcassets */ = {isa = PBXFileReference; lastKnownFileType = folder.assetcatalog; path = Assets.xcassets; sourceTree = "<group>"; };
		BA04873122B5004D002CCE91 /* Preview Assets.xcassets */ = {isa = PBXFileReference; lastKnownFileType = folder.assetcatalog; path = "Preview Assets.xcassets"; sourceTree = "<group>"; };
		BA04873422B5004D002CCE91 /* Base */ = {isa = PBXFileReference; lastKnownFileType = file.storyboard; name = Base; path = Base.lproj/LaunchScreen.storyboard; sourceTree = "<group>"; };
		BA04873622B5004D002CCE91 /* Info.plist */ = {isa = PBXFileReference; lastKnownFileType = text.plist.xml; path = Info.plist; sourceTree = "<group>"; };
		BA04873C22B5035B002CCE91 /* CircleImage.swift */ = {isa = PBXFileReference; lastKnownFileType = sourcecode.swift; path = CircleImage.swift; sourceTree = "<group>"; };
		BA04873E22B5055F002CCE91 /* MapView.swift */ = {isa = PBXFileReference; lastKnownFileType = sourcecode.swift; path = MapView.swift; sourceTree = "<group>"; };
		BA04874022B51434002CCE91 /* Landmark.swift */ = {isa = PBXFileReference; fileEncoding = 4; lastKnownFileType = sourcecode.swift; path = Landmark.swift; sourceTree = "<group>"; };
		BA04874422B51532002CCE91 /* Data.swift */ = {isa = PBXFileReference; fileEncoding = 4; lastKnownFileType = sourcecode.swift; path = Data.swift; sourceTree = "<group>"; };
		BA04874622B51552002CCE91 /* LandmarkRow.swift */ = {isa = PBXFileReference; fileEncoding = 4; lastKnownFileType = sourcecode.swift; path = LandmarkRow.swift; sourceTree = "<group>"; };
		BA04874822B5157F002CCE91 /* silversalmoncreek.jpg */ = {isa = PBXFileReference; lastKnownFileType = image.jpeg; path = silversalmoncreek.jpg; sourceTree = "<group>"; };
		BA04874922B5157F002CCE91 /* stmarylake.jpg */ = {isa = PBXFileReference; lastKnownFileType = image.jpeg; path = stmarylake.jpg; sourceTree = "<group>"; };
		BA04874A22B5157F002CCE91 /* lakemcdonald.jpg */ = {isa = PBXFileReference; lastKnownFileType = image.jpeg; path = lakemcdonald.jpg; sourceTree = "<group>"; };
		BA04874B22B5157F002CCE91 /* twinlake.jpg */ = {isa = PBXFileReference; lastKnownFileType = image.jpeg; path = twinlake.jpg; sourceTree = "<group>"; };
		BA04874C22B5157F002CCE91 /* chilkoottrail.jpg */ = {isa = PBXFileReference; lastKnownFileType = image.jpeg; path = chilkoottrail.jpg; sourceTree = "<group>"; };
		BA04874D22B5157F002CCE91 /* umbagog.jpg */ = {isa = PBXFileReference; lastKnownFileType = image.jpeg; path = umbagog.jpg; sourceTree = "<group>"; };
		BA04874E22B51580002CCE91 /* rainbowlake.jpg */ = {isa = PBXFileReference; lastKnownFileType = image.jpeg; path = rainbowlake.jpg; sourceTree = "<group>"; };
		BA04874F22B51580002CCE91 /* yukon_charleyrivers.jpg */ = {isa = PBXFileReference; lastKnownFileType = image.jpeg; path = yukon_charleyrivers.jpg; sourceTree = "<group>"; };
		BA04875022B51580002CCE91 /* chincoteague.jpg */ = {isa = PBXFileReference; lastKnownFileType = image.jpeg; path = chincoteague.jpg; sourceTree = "<group>"; };
		BA04875122B51580002CCE91 /* hiddenlake.jpg */ = {isa = PBXFileReference; lastKnownFileType = image.jpeg; path = hiddenlake.jpg; sourceTree = "<group>"; };
		BA04875222B51580002CCE91 /* turtlerock.jpg */ = {isa = PBXFileReference; lastKnownFileType = image.jpeg; path = turtlerock.jpg; sourceTree = "<group>"; };
		BA04875322B51580002CCE91 /* icybay.jpg */ = {isa = PBXFileReference; lastKnownFileType = image.jpeg; path = icybay.jpg; sourceTree = "<group>"; };
		BA04876122B51707002CCE91 /* LandmarkList.swift */ = {isa = PBXFileReference; fileEncoding = 4; lastKnownFileType = sourcecode.swift; path = LandmarkList.swift; sourceTree = "<group>"; };
		BA04876322B521F8002CCE91 /* Landmarks.entitlements */ = {isa = PBXFileReference; lastKnownFileType = text.plist.entitlements; path = Landmarks.entitlements; sourceTree = "<group>"; };
		BA04876422B52AEE002CCE91 /* UserData.swift */ = {isa = PBXFileReference; lastKnownFileType = sourcecode.swift; path = UserData.swift; sourceTree = "<group>"; };
		BA12CACA22B7C28500452AC5 /* Home.swift */ = {isa = PBXFileReference; lastKnownFileType = sourcecode.swift; path = Home.swift; sourceTree = "<group>"; };
		BA12CACC22B7C7C000452AC5 /* CategoryRow.swift */ = {isa = PBXFileReference; lastKnownFileType = sourcecode.swift; path = CategoryRow.swift; sourceTree = "<group>"; };
		BA12CACE22B7DF4800452AC5 /* landmarkData.json */ = {isa = PBXFileReference; fileEncoding = 4; lastKnownFileType = text.json; path = landmarkData.json; sourceTree = "<group>"; };
		BA12CAD022B7EBFD00452AC5 /* ProfileHost.swift */ = {isa = PBXFileReference; lastKnownFileType = sourcecode.swift; path = ProfileHost.swift; sourceTree = "<group>"; };
		BA12CAD322B7ED4000452AC5 /* ProfileSummary.swift */ = {isa = PBXFileReference; lastKnownFileType = sourcecode.swift; path = ProfileSummary.swift; sourceTree = "<group>"; };
		BA12CAD522B7EDF900452AC5 /* Profile.swift */ = {isa = PBXFileReference; lastKnownFileType = sourcecode.swift; path = Profile.swift; sourceTree = "<group>"; };
		BA12CAD822B7EF1400452AC5 /* HikeBadge.swift */ = {isa = PBXFileReference; lastKnownFileType = sourcecode.swift; path = HikeBadge.swift; sourceTree = "<group>"; };
		BA12CADB22B7F09D00452AC5 /* HikeView.swift */ = {isa = PBXFileReference; fileEncoding = 4; lastKnownFileType = sourcecode.swift; path = HikeView.swift; sourceTree = "<group>"; };
		BA12CADD22B7F09D00452AC5 /* HikeDetail.swift */ = {isa = PBXFileReference; fileEncoding = 4; lastKnownFileType = sourcecode.swift; path = HikeDetail.swift; sourceTree = "<group>"; };
		BA12CAE522B7F1B000452AC5 /* Hike.swift */ = {isa = PBXFileReference; fileEncoding = 4; lastKnownFileType = sourcecode.swift; name = Hike.swift; path = ../../../../Downloads/AnimatingViewsAndTransitions/Complete/Landmarks/Landmarks/Models/Hike.swift; sourceTree = "<group>"; };
		BA12CAE722B7F1F000452AC5 /* HikeGraph.swift */ = {isa = PBXFileReference; fileEncoding = 4; lastKnownFileType = sourcecode.swift; path = HikeGraph.swift; sourceTree = "<group>"; };
		BA12CAE922B7F25900452AC5 /* GraphCapsule.swift */ = {isa = PBXFileReference; fileEncoding = 4; lastKnownFileType = sourcecode.swift; path = GraphCapsule.swift; sourceTree = "<group>"; };
		BA12CAEB22B7F5FC00452AC5 /* hikeData.json */ = {isa = PBXFileReference; fileEncoding = 4; lastKnownFileType = text.json; path = hikeData.json; sourceTree = "<group>"; };
		BA12CAED22B7F76700452AC5 /* ProfileEditor.swift */ = {isa = PBXFileReference; lastKnownFileType = sourcecode.swift; path = ProfileEditor.swift; sourceTree = "<group>"; };
		BA5358DA22B5E7CB008D4045 /* BadgeBackground.swift */ = {isa = PBXFileReference; lastKnownFileType = sourcecode.swift; path = BadgeBackground.swift; sourceTree = "<group>"; };
		BA5358DC22B5E844008D4045 /* BadgeSymbol.swift */ = {isa = PBXFileReference; lastKnownFileType = sourcecode.swift; path = BadgeSymbol.swift; sourceTree = "<group>"; };
		BA5358DE22B5EA88008D4045 /* RotatedBadgeSymbol.swift */ = {isa = PBXFileReference; lastKnownFileType = sourcecode.swift; path = RotatedBadgeSymbol.swift; sourceTree = "<group>"; };
		BA9AC67C22B5DD9400475E14 /* Badge.swift */ = {isa = PBXFileReference; lastKnownFileType = sourcecode.swift; path = Badge.swift; sourceTree = "<group>"; };
		BA9AC67E22B5E03500475E14 /* HexagonParameters.swift */ = {isa = PBXFileReference; lastKnownFileType = sourcecode.swift; path = HexagonParameters.swift; sourceTree = "<group>"; };
/* End PBXFileReference section */

/* Begin PBXFrameworksBuildPhase section */
		BA04872222B5004C002CCE91 /* Frameworks */ = {
			isa = PBXFrameworksBuildPhase;
			buildActionMask = 2147483647;
			files = (
			);
			runOnlyForDeploymentPostprocessing = 0;
		};
/* End PBXFrameworksBuildPhase section */

/* Begin PBXGroup section */
		BA04871C22B5004C002CCE91 = {
			isa = PBXGroup;
			children = (
				BA04872722B5004C002CCE91 /* Landmarks */,
				BA04872622B5004C002CCE91 /* Products */,
			);
			sourceTree = "<group>";
		};
		BA04872622B5004C002CCE91 /* Products */ = {
			isa = PBXGroup;
			children = (
				BA04872522B5004C002CCE91 /* Landmarks.app */,
			);
			name = Products;
			sourceTree = "<group>";
		};
		BA04872722B5004C002CCE91 /* Landmarks */ = {
			isa = PBXGroup;
			children = (
				BA04876322B521F8002CCE91 /* Landmarks.entitlements */,
				BA04872822B5004C002CCE91 /* AppDelegate.swift */,
				BA04872A22B5004C002CCE91 /* SceneDelegate.swift */,
				BA04873C22B5035B002CCE91 /* CircleImage.swift */,
				BA04873E22B5055F002CCE91 /* MapView.swift */,
				BA04876122B51707002CCE91 /* LandmarkList.swift */,
				BA04872C22B5004C002CCE91 /* LandmarkDetail.swift */,
				BA04874622B51552002CCE91 /* LandmarkRow.swift */,
				BA12CAE422B7F14A00452AC5 /* Data */,
				BA12CAE122B7F0B700452AC5 /* Badge */,
				BA12CADA22B7F08900452AC5 /* Hike */,
				BA12CAD722B7EE0B00452AC5 /* Models */,
				BA12CAD222B7ED1F00452AC5 /* Profile */,
				BA04876022B51587002CCE91 /* Image */,
				BA04872E22B5004D002CCE91 /* Assets.xcassets */,
				BA04873322B5004D002CCE91 /* LaunchScreen.storyboard */,
				BA04873622B5004D002CCE91 /* Info.plist */,
				BA04873022B5004D002CCE91 /* Preview Content */,
				BA12CACA22B7C28500452AC5 /* Home.swift */,
				BA12CACC22B7C7C000452AC5 /* CategoryRow.swift */,
			);
			path = Landmarks;
			sourceTree = "<group>";
		};
		BA04873022B5004D002CCE91 /* Preview Content */ = {
			isa = PBXGroup;
			children = (
				BA04873122B5004D002CCE91 /* Preview Assets.xcassets */,
			);
			path = "Preview Content";
			sourceTree = "<group>";
		};
		BA04876022B51587002CCE91 /* Image */ = {
			isa = PBXGroup;
			children = (
				BA04874C22B5157F002CCE91 /* chilkoottrail.jpg */,
				BA04875022B51580002CCE91 /* chincoteague.jpg */,
				BA04875122B51580002CCE91 /* hiddenlake.jpg */,
				BA04875322B51580002CCE91 /* icybay.jpg */,
				BA04874A22B5157F002CCE91 /* lakemcdonald.jpg */,
				BA04874E22B51580002CCE91 /* rainbowlake.jpg */,
				BA04874822B5157F002CCE91 /* silversalmoncreek.jpg */,
				BA04874922B5157F002CCE91 /* stmarylake.jpg */,
				BA04875222B51580002CCE91 /* turtlerock.jpg */,
				BA04874B22B5157F002CCE91 /* twinlake.jpg */,
				BA04874D22B5157F002CCE91 /* umbagog.jpg */,
				BA04874F22B51580002CCE91 /* yukon_charleyrivers.jpg */,
			);
			path = Image;
			sourceTree = "<group>";
		};
		BA12CAD222B7ED1F00452AC5 /* Profile */ = {
			isa = PBXGroup;
			children = (
				BA12CAD022B7EBFD00452AC5 /* ProfileHost.swift */,
				BA12CAED22B7F76700452AC5 /* ProfileEditor.swift */,
				BA12CAD322B7ED4000452AC5 /* ProfileSummary.swift */,
			);
			path = Profile;
			sourceTree = "<group>";
		};
		BA12CAD722B7EE0B00452AC5 /* Models */ = {
			isa = PBXGroup;
			children = (
				BA12CAD522B7EDF900452AC5 /* Profile.swift */,
				BA04874422B51532002CCE91 /* Data.swift */,
				BA04874022B51434002CCE91 /* Landmark.swift */,
				BA04876422B52AEE002CCE91 /* UserData.swift */,
			);
			path = Models;
			sourceTree = "<group>";
		};
		BA12CADA22B7F08900452AC5 /* Hike */ = {
			isa = PBXGroup;
			children = (
				BA12CAE522B7F1B000452AC5 /* Hike.swift */,
				BA12CAEB22B7F5FC00452AC5 /* hikeData.json */,
				BA12CAE922B7F25900452AC5 /* GraphCapsule.swift */,
				BA12CADD22B7F09D00452AC5 /* HikeDetail.swift */,
				BA12CAE722B7F1F000452AC5 /* HikeGraph.swift */,
				BA12CADB22B7F09D00452AC5 /* HikeView.swift */,
				BA12CAD822B7EF1400452AC5 /* HikeBadge.swift */,
			);
			path = Hike;
			sourceTree = "<group>";
		};
		BA12CAE122B7F0B700452AC5 /* Badge */ = {
			isa = PBXGroup;
			children = (
				BA9AC67C22B5DD9400475E14 /* Badge.swift */,
				BA5358DC22B5E844008D4045 /* BadgeSymbol.swift */,
				BA5358DE22B5EA88008D4045 /* RotatedBadgeSymbol.swift */,
				BA5358DA22B5E7CB008D4045 /* BadgeBackground.swift */,
				BA9AC67E22B5E03500475E14 /* HexagonParameters.swift */,
			);
			path = Badge;
			sourceTree = "<group>";
		};
		BA12CAE422B7F14A00452AC5 /* Data */ = {
			isa = PBXGroup;
			children = (
				BA12CACE22B7DF4800452AC5 /* landmarkData.json */,
			);
			path = Data;
			sourceTree = "<group>";
		};
/* End PBXGroup section */

/* Begin PBXNativeTarget section */
		BA04872422B5004C002CCE91 /* Landmarks */ = {
			isa = PBXNativeTarget;
			buildConfigurationList = BA04873922B5004D002CCE91 /* Build configuration list for PBXNativeTarget "Landmarks" */;
			buildPhases = (
				BA04872122B5004C002CCE91 /* Sources */,
				BA04872222B5004C002CCE91 /* Frameworks */,
				BA04872322B5004C002CCE91 /* Resources */,
			);
			buildRules = (
			);
			dependencies = (
			);
			name = Landmarks;
			productName = Landmarks;
			productReference = BA04872522B5004C002CCE91 /* Landmarks.app */;
			productType = "com.apple.product-type.application";
		};
/* End PBXNativeTarget section */

/* Begin PBXProject section */
		BA04871D22B5004C002CCE91 /* Project object */ = {
			isa = PBXProject;
			attributes = {
				LastSwiftUpdateCheck = 1100;
				LastUpgradeCheck = 1100;
				ORGANIZATIONNAME = "SoundWorm LLC";
				TargetAttributes = {
					BA04872422B5004C002CCE91 = {
						CreatedOnToolsVersion = 11.0;
					};
				};
			};
			buildConfigurationList = BA04872022B5004C002CCE91 /* Build configuration list for PBXProject "Landmarks" */;
			compatibilityVersion = "Xcode 9.3";
			developmentRegion = en;
			hasScannedForEncodings = 0;
			knownRegions = (
				en,
				Base,
			);
			mainGroup = BA04871C22B5004C002CCE91;
			productRefGroup = BA04872622B5004C002CCE91 /* Products */;
			projectDirPath = "";
			projectRoot = "";
			targets = (
				BA04872422B5004C002CCE91 /* Landmarks */,
			);
		};
/* End PBXProject section */

/* Begin PBXResourcesBuildPhase section */
		BA04872322B5004C002CCE91 /* Resources */ = {
			isa = PBXResourcesBuildPhase;
			buildActionMask = 2147483647;
			files = (
				BA04875A22B51580002CCE91 /* rainbowlake.jpg in Resources */,
				BA04875622B51580002CCE91 /* lakemcdonald.jpg in Resources */,
				BA12CAEC22B7F5FC00452AC5 /* hikeData.json in Resources */,
				BA04875822B51580002CCE91 /* chilkoottrail.jpg in Resources */,
				BA04875522B51580002CCE91 /* stmarylake.jpg in Resources */,
				BA04875722B51580002CCE91 /* twinlake.jpg in Resources */,
				BA04875C22B51580002CCE91 /* chincoteague.jpg in Resources */,
				BA04875D22B51580002CCE91 /* hiddenlake.jpg in Resources */,
				BA04875922B51580002CCE91 /* umbagog.jpg in Resources */,
				BA04875422B51580002CCE91 /* silversalmoncreek.jpg in Resources */,
				BA04873522B5004D002CCE91 /* LaunchScreen.storyboard in Resources */,
				BA04875F22B51580002CCE91 /* icybay.jpg in Resources */,
				BA04873222B5004D002CCE91 /* Preview Assets.xcassets in Resources */,
				BA04875B22B51580002CCE91 /* yukon_charleyrivers.jpg in Resources */,
				BA12CACF22B7DF4800452AC5 /* landmarkData.json in Resources */,
				BA04872F22B5004D002CCE91 /* Assets.xcassets in Resources */,
				BA04875E22B51580002CCE91 /* turtlerock.jpg in Resources */,
			);
			runOnlyForDeploymentPostprocessing = 0;
		};
/* End PBXResourcesBuildPhase section */

/* Begin PBXSourcesBuildPhase section */
		BA04872122B5004C002CCE91 /* Sources */ = {
			isa = PBXSourcesBuildPhase;
			buildActionMask = 2147483647;
			files = (
				BA9AC67F22B5E03500475E14 /* HexagonParameters.swift in Sources */,
				BA12CAD622B7EDF900452AC5 /* Profile.swift in Sources */,
				BA04874522B51532002CCE91 /* Data.swift in Sources */,
				BA04872922B5004C002CCE91 /* AppDelegate.swift in Sources */,
				BA9AC67D22B5DD9400475E14 /* Badge.swift in Sources */,
				BA04873D22B5035B002CCE91 /* CircleImage.swift in Sources */,
				BA04873F22B5055F002CCE91 /* MapView.swift in Sources */,
				BA04876222B51707002CCE91 /* LandmarkList.swift in Sources */,
				BA5358DD22B5E844008D4045 /* BadgeSymbol.swift in Sources */,
				BA12CACD22B7C7C000452AC5 /* CategoryRow.swift in Sources */,
				BA5358DF22B5EA88008D4045 /* RotatedBadgeSymbol.swift in Sources */,
				BA04872B22B5004C002CCE91 /* SceneDelegate.swift in Sources */,
				BA5358DB22B5E7CB008D4045 /* BadgeBackground.swift in Sources */,
				BA12CAE822B7F1F000452AC5 /* HikeGraph.swift in Sources */,
				BA12CADE22B7F09D00452AC5 /* HikeView.swift in Sources */,
				BA12CAD922B7EF1400452AC5 /* HikeBadge.swift in Sources */,
				BA12CAEA22B7F25900452AC5 /* GraphCapsule.swift in Sources */,
				BA12CAE622B7F1B000452AC5 /* Hike.swift in Sources */,
				BA04872D22B5004C002CCE91 /* LandmarkDetail.swift in Sources */,
				BA04874722B51552002CCE91 /* LandmarkRow.swift in Sources */,
				BA04876522B52AEE002CCE91 /* UserData.swift in Sources */,
				BA12CAD122B7EBFE00452AC5 /* ProfileHost.swift in Sources */,
				BA12CACB22B7C28500452AC5 /* Home.swift in Sources */,
				BA12CAD422B7ED4000452AC5 /* ProfileSummary.swift in Sources */,
				BA04874122B51434002CCE91 /* Landmark.swift in Sources */,
				BA12CAE022B7F09D00452AC5 /* HikeDetail.swift in Sources */,
				BA12CAEE22B7F76700452AC5 /* ProfileEditor.swift in Sources */,
			);
			runOnlyForDeploymentPostprocessing = 0;
		};
/* End PBXSourcesBuildPhase section */

/* Begin PBXVariantGroup section */
		BA04873322B5004D002CCE91 /* LaunchScreen.storyboard */ = {
			isa = PBXVariantGroup;
			children = (
				BA04873422B5004D002CCE91 /* Base */,
			);
			name = LaunchScreen.storyboard;
			sourceTree = "<group>";
		};
/* End PBXVariantGroup section */

/* Begin XCBuildConfiguration section */
		BA04873722B5004D002CCE91 /* Debug */ = {
			isa = XCBuildConfiguration;
			buildSettings = {
				ALWAYS_SEARCH_USER_PATHS = NO;
				CLANG_ANALYZER_NONNULL = YES;
				CLANG_ANALYZER_NUMBER_OBJECT_CONVERSION = YES_AGGRESSIVE;
				CLANG_CXX_LANGUAGE_STANDARD = "gnu++14";
				CLANG_CXX_LIBRARY = "libc++";
				CLANG_ENABLE_MODULES = YES;
				CLANG_ENABLE_OBJC_ARC = YES;
				CLANG_ENABLE_OBJC_WEAK = YES;
				CLANG_WARN_BLOCK_CAPTURE_AUTORELEASING = YES;
				CLANG_WARN_BOOL_CONVERSION = YES;
				CLANG_WARN_COMMA = YES;
				CLANG_WARN_CONSTANT_CONVERSION = YES;
				CLANG_WARN_DEPRECATED_OBJC_IMPLEMENTATIONS = YES;
				CLANG_WARN_DIRECT_OBJC_ISA_USAGE = YES_ERROR;
				CLANG_WARN_DOCUMENTATION_COMMENTS = YES;
				CLANG_WARN_EMPTY_BODY = YES;
				CLANG_WARN_ENUM_CONVERSION = YES;
				CLANG_WARN_INFINITE_RECURSION = YES;
				CLANG_WARN_INT_CONVERSION = YES;
				CLANG_WARN_NON_LITERAL_NULL_CONVERSION = YES;
				CLANG_WARN_OBJC_IMPLICIT_RETAIN_SELF = YES;
				CLANG_WARN_OBJC_LITERAL_CONVERSION = YES;
				CLANG_WARN_OBJC_ROOT_CLASS = YES_ERROR;
				CLANG_WARN_RANGE_LOOP_ANALYSIS = YES;
				CLANG_WARN_STRICT_PROTOTYPES = YES;
				CLANG_WARN_SUSPICIOUS_MOVE = YES;
				CLANG_WARN_UNGUARDED_AVAILABILITY = YES_AGGRESSIVE;
				CLANG_WARN_UNREACHABLE_CODE = YES;
				CLANG_WARN__DUPLICATE_METHOD_MATCH = YES;
				COPY_PHASE_STRIP = NO;
				DEBUG_INFORMATION_FORMAT = dwarf;
				ENABLE_STRICT_OBJC_MSGSEND = YES;
				ENABLE_TESTABILITY = YES;
				GCC_C_LANGUAGE_STANDARD = gnu11;
				GCC_DYNAMIC_NO_PIC = NO;
				GCC_NO_COMMON_BLOCKS = YES;
				GCC_OPTIMIZATION_LEVEL = 0;
				GCC_PREPROCESSOR_DEFINITIONS = (
					"DEBUG=1",
					"$(inherited)",
				);
				GCC_WARN_64_TO_32_BIT_CONVERSION = YES;
				GCC_WARN_ABOUT_RETURN_TYPE = YES_ERROR;
				GCC_WARN_UNDECLARED_SELECTOR = YES;
				GCC_WARN_UNINITIALIZED_AUTOS = YES_AGGRESSIVE;
				GCC_WARN_UNUSED_FUNCTION = YES;
				GCC_WARN_UNUSED_VARIABLE = YES;
				IPHONEOS_DEPLOYMENT_TARGET = 13.0;
				MTL_ENABLE_DEBUG_INFO = INCLUDE_SOURCE;
				MTL_FAST_MATH = YES;
				ONLY_ACTIVE_ARCH = YES;
				SDKROOT = iphoneos;
				SWIFT_ACTIVE_COMPILATION_CONDITIONS = DEBUG;
				SWIFT_OPTIMIZATION_LEVEL = "-Onone";
			};
			name = Debug;
		};
		BA04873822B5004D002CCE91 /* Release */ = {
			isa = XCBuildConfiguration;
			buildSettings = {
				ALWAYS_SEARCH_USER_PATHS = NO;
				CLANG_ANALYZER_NONNULL = YES;
				CLANG_ANALYZER_NUMBER_OBJECT_CONVERSION = YES_AGGRESSIVE;
				CLANG_CXX_LANGUAGE_STANDARD = "gnu++14";
				CLANG_CXX_LIBRARY = "libc++";
				CLANG_ENABLE_MODULES = YES;
				CLANG_ENABLE_OBJC_ARC = YES;
				CLANG_ENABLE_OBJC_WEAK = YES;
				CLANG_WARN_BLOCK_CAPTURE_AUTORELEASING = YES;
				CLANG_WARN_BOOL_CONVERSION = YES;
				CLANG_WARN_COMMA = YES;
				CLANG_WARN_CONSTANT_CONVERSION = YES;
				CLANG_WARN_DEPRECATED_OBJC_IMPLEMENTATIONS = YES;
				CLANG_WARN_DIRECT_OBJC_ISA_USAGE = YES_ERROR;
				CLANG_WARN_DOCUMENTATION_COMMENTS = YES;
				CLANG_WARN_EMPTY_BODY = YES;
				CLANG_WARN_ENUM_CONVERSION = YES;
				CLANG_WARN_INFINITE_RECURSION = YES;
				CLANG_WARN_INT_CONVERSION = YES;
				CLANG_WARN_NON_LITERAL_NULL_CONVERSION = YES;
				CLANG_WARN_OBJC_IMPLICIT_RETAIN_SELF = YES;
				CLANG_WARN_OBJC_LITERAL_CONVERSION = YES;
				CLANG_WARN_OBJC_ROOT_CLASS = YES_ERROR;
				CLANG_WARN_RANGE_LOOP_ANALYSIS = YES;
				CLANG_WARN_STRICT_PROTOTYPES = YES;
				CLANG_WARN_SUSPICIOUS_MOVE = YES;
				CLANG_WARN_UNGUARDED_AVAILABILITY = YES_AGGRESSIVE;
				CLANG_WARN_UNREACHABLE_CODE = YES;
				CLANG_WARN__DUPLICATE_METHOD_MATCH = YES;
				COPY_PHASE_STRIP = NO;
				DEBUG_INFORMATION_FORMAT = "dwarf-with-dsym";
				ENABLE_NS_ASSERTIONS = NO;
				ENABLE_STRICT_OBJC_MSGSEND = YES;
				GCC_C_LANGUAGE_STANDARD = gnu11;
				GCC_NO_COMMON_BLOCKS = YES;
				GCC_WARN_64_TO_32_BIT_CONVERSION = YES;
				GCC_WARN_ABOUT_RETURN_TYPE = YES_ERROR;
				GCC_WARN_UNDECLARED_SELECTOR = YES;
				GCC_WARN_UNINITIALIZED_AUTOS = YES_AGGRESSIVE;
				GCC_WARN_UNUSED_FUNCTION = YES;
				GCC_WARN_UNUSED_VARIABLE = YES;
				IPHONEOS_DEPLOYMENT_TARGET = 13.0;
				MTL_ENABLE_DEBUG_INFO = NO;
				MTL_FAST_MATH = YES;
				SDKROOT = iphoneos;
				SWIFT_COMPILATION_MODE = wholemodule;
				SWIFT_OPTIMIZATION_LEVEL = "-O";
				VALIDATE_PRODUCT = YES;
			};
			name = Release;
		};
		BA04873A22B5004D002CCE91 /* Debug */ = {
			isa = XCBuildConfiguration;
			buildSettings = {
				ASSETCATALOG_COMPILER_APPICON_NAME = AppIcon;
				CODE_SIGN_ENTITLEMENTS = Landmarks/Landmarks.entitlements;
				CODE_SIGN_STYLE = Automatic;
				CURRENT_PROJECT_VERSION = 2;
				DEVELOPMENT_ASSET_PATHS = "Landmarks/Preview\\ Content";
				DEVELOPMENT_TEAM = QJV4VBSX7W;
				ENABLE_PREVIEWS = YES;
				INFOPLIST_FILE = Landmarks/Info.plist;
				LD_RUNPATH_SEARCH_PATHS = (
					"$(inherited)",
					"@executable_path/Frameworks",
				);
				MARKETING_VERSION = 1.0.1;
				PRODUCT_BUNDLE_IDENTIFIER = me.soundworm.landmarks;
				PRODUCT_NAME = "$(TARGET_NAME)";
				SUPPORTS_UIKITFORMAC = NO;
				SWIFT_VERSION = 5.0;
				TARGETED_DEVICE_FAMILY = "1,2";
			};
			name = Debug;
		};
		BA04873B22B5004D002CCE91 /* Release */ = {
			isa = XCBuildConfiguration;
			buildSettings = {
				ASSETCATALOG_COMPILER_APPICON_NAME = AppIcon;
				CODE_SIGN_ENTITLEMENTS = Landmarks/Landmarks.entitlements;
				CODE_SIGN_STYLE = Automatic;
				CURRENT_PROJECT_VERSION = 2;
				DEVELOPMENT_ASSET_PATHS = "Landmarks/Preview\\ Content";
				DEVELOPMENT_TEAM = QJV4VBSX7W;
				ENABLE_PREVIEWS = YES;
				INFOPLIST_FILE = Landmarks/Info.plist;
				LD_RUNPATH_SEARCH_PATHS = (
					"$(inherited)",
					"@executable_path/Frameworks",
				);
				MARKETING_VERSION = 1.0.1;
				PRODUCT_BUNDLE_IDENTIFIER = me.soundworm.landmarks;
				PRODUCT_NAME = "$(TARGET_NAME)";
				SUPPORTS_UIKITFORMAC = NO;
				SWIFT_VERSION = 5.0;
				TARGETED_DEVICE_FAMILY = "1,2";
			};
			name = Release;
		};
/* End XCBuildConfiguration section */

/* Begin XCConfigurationList section */
		BA04872022B5004C002CCE91 /* Build configuration list for PBXProject "Landmarks" */ = {
			isa = XCConfigurationList;
			buildConfigurations = (
				BA04873722B5004D002CCE91 /* Debug */,
				BA04873822B5004D002CCE91 /* Release */,
			);
			defaultConfigurationIsVisible = 0;
			defaultConfigurationName = Release;
		};
		BA04873922B5004D002CCE91 /* Build configuration list for PBXNativeTarget "Landmarks" */ = {
			isa = XCConfigurationList;
			buildConfigurations = (
				BA04873A22B5004D002CCE91 /* Debug */,
				BA04873B22B5004D002CCE91 /* Release */,
			);
			defaultConfigurationIsVisible = 0;
			defaultConfigurationName = Release;
		};
/* End XCConfigurationList section */
	};
	rootObject = BA04871D22B5004C002CCE91 /* Project object */;
}
